
Microsoft Visual Studio Solution File, Format Version 12.00
# Visual Studio Version 17
VisualStudioVersion = 17.0.32014.148
MinimumVisualStudioVersion = 10.0.40219.1
Project("{9A19103F-16F7-4668-BE54-9A1E7A4F7556}") = "Product Inventory", "Product Inventory\Product Inventory.csproj", "{23D3A715-B388-400B-B30B-C27788A3D48C}"
EndProject
Project("{9A19103F-16F7-4668-BE54-9A1E7A4F7556}") = "InventoryLibrary", "InventoryLibrary\InventoryLibrary.csproj", "{E1E024EB-47E8-4A6F-A68D-FE257AFA54AA}"
EndProject
Project("{9A19103F-16F7-4668-BE54-9A1E7A4F7556}") = "Observer", "Observer\Observer.csproj", "{30406F61-434F-4AA3-8530-606657D940DB}"
EndProject
Project("{9A19103F-16F7-4668-BE54-9A1E7A4F7556}") = "ObserverInterfase", "ObserverInterfase\ObserverInterfase.csproj", "{DC4918B7-71D3-42CA-909C-6989091B3E47}"
EndProject
Project("{FAE04EC0-301F-11D3-BF4B-00C04F79EFBC}") = "MyInterFase", "MyInterFase\MyInterFase.csproj", "{33E32EAB-5389-4F8F-B4D0-E107107C1E20}"
EndProject
Global
	GlobalSection(SolutionConfigurationPlatforms) = preSolution
		Debug|Any CPU = Debug|Any CPU
		Release|Any CPU = Release|Any CPU
	EndGlobalSection
	GlobalSection(ProjectConfigurationPlatforms) = postSolution
		{23D3A715-B388-400B-B30B-C27788A3D48C}.Debug|Any CPU.ActiveCfg = Debug|Any CPU
		{23D3A715-B388-400B-B30B-C27788A3D48C}.Debug|Any CPU.Build.0 = Debug|Any CPU
		{23D3A715-B388-400B-B30B-C27788A3D48C}.Release|Any CPU.ActiveCfg = Release|Any CPU
		{23D3A715-B388-400B-B30B-C27788A3D48C}.Release|Any CPU.Build.0 = Release|Any CPU
		{E1E024EB-47E8-4A6F-A68D-FE257AFA54AA}.Debug|Any CPU.ActiveCfg = Debug|Any CPU
		{E1E024EB-47E8-4A6F-A68D-FE257AFA54AA}.Debug|Any CPU.Build.0 = Debug|Any CPU
		{E1E024EB-47E8-4A6F-A68D-FE257AFA54AA}.Release|Any CPU.ActiveCfg = Release|Any CPU
		{E1E024EB-47E8-4A6F-A68D-FE257AFA54AA}.Release|Any CPU.Build.0 = Release|Any CPU
		{30406F61-434F-4AA3-8530-606657D940DB}.Debug|Any CPU.ActiveCfg = Debug|Any CPU
		{30406F61-434F-4AA3-8530-606657D940DB}.Debug|Any CPU.Build.0 = Debug|Any CPU
		{30406F61-434F-4AA3-8530-606657D940DB}.Release|Any CPU.ActiveCfg = Release|Any CPU
		{30406F61-434F-4AA3-8530-606657D940DB}.Release|Any CPU.Build.0 = Release|Any CPU
		{DC4918B7-71D3-42CA-909C-6989091B3E47}.Debug|Any CPU.ActiveCfg = Debug|Any CPU
		{DC4918B7-71D3-42CA-909C-6989091B3E47}.Debug|Any CPU.Build.0 = Debug|Any CPU
		{DC4918B7-71D3-42CA-909C-6989091B3E47}.Release|Any CPU.ActiveCfg = Release|Any CPU
		{DC4918B7-71D3-42CA-909C-6989091B3E47}.Release|Any CPU.Build.0 = Release|Any CPU
		{33E32EAB-5389-4F8F-B4D0-E107107C1E20}.Debug|Any CPU.ActiveCfg = Debug|Any CPU
		{33E32EAB-5389-4F8F-B4D0-E107107C1E20}.Debug|Any CPU.Build.0 = Debug|Any CPU
		{33E32EAB-5389-4F8F-B4D0-E107107C1E20}.Release|Any CPU.ActiveCfg = Release|Any CPU
		{33E32EAB-5389-4F8F-B4D0-E107107C1E20}.Release|Any CPU.Build.0 = Release|Any CPU
	EndGlobalSection
	GlobalSection(SolutionProperties) = preSolution
		HideSolutionNode = FALSE
	EndGlobalSection
	GlobalSection(ExtensibilityGlobals) = postSolution
		SolutionGuid = {6015355E-8034-4F32-AB32-B665F83BB302}
	EndGlobalSection
EndGlobal
